
Microsoft Visual Studio Solution File, Format Version 12.00
# Visual Studio 15
VisualStudioVersion = 15.0.26730.16
MinimumVisualStudioVersion = 10.0.40219.1
Project("{FAE04EC0-301F-11D3-BF4B-00C04F79EFBC}") = "Grades", "Grades\Grades.csproj", "{1B261B35-3FB7-44BF-8053-DC1DBC3C15B7}"
EndProject
Project("{FAE04EC0-301F-11D3-BF4B-00C04F79EFBC}") = "Grades.Test", "Grades.Test\Grades.Test.csproj", "{FA0B86AB-B9D0-4BEB-8AA1-3219241131BB}"
EndProject
Global
	GlobalSection(SolutionConfigurationPlatforms) = preSolution
		Debug|Any CPU = Debug|Any CPU
		Release|Any CPU = Release|Any CPU
	EndGlobalSection
	GlobalSection(ProjectConfigurationPlatforms) = postSolution
		{1B261B35-3FB7-44BF-8053-DC1DBC3C15B7}.Debug|Any CPU.ActiveCfg = Debug|Any CPU
		{1B261B35-3FB7-44BF-8053-DC1DBC3C15B7}.Debug|Any CPU.Build.0 = Debug|Any CPU
		{1B261B35-3FB7-44BF-8053-DC1DBC3C15B7}.Release|Any CPU.ActiveCfg = Release|Any CPU
		{1B261B35-3FB7-44BF-8053-DC1DBC3C15B7}.Release|Any CPU.Build.0 = Release|Any CPU
		{FA0B86AB-B9D0-4BEB-8AA1-3219241131BB}.Debug|Any CPU.ActiveCfg = Debug|Any CPU
		{FA0B86AB-B9D0-4BEB-8AA1-3219241131BB}.Debug|Any CPU.Build.0 = Debug|Any CPU
		{FA0B86AB-B9D0-4BEB-8AA1-3219241131BB}.Release|Any CPU.ActiveCfg = Release|Any CPU
		{FA0B86AB-B9D0-4BEB-8AA1-3219241131BB}.Release|Any CPU.Build.0 = Release|Any CPU
	EndGlobalSection
	GlobalSection(SolutionProperties) = preSolution
		HideSolutionNode = FALSE
	EndGlobalSection
	GlobalSection(ExtensibilityGlobals) = postSolution
		SolutionGuid = {E354C9F3-08D2-4340-AF63-2A72FC975945}
	EndGlobalSection
EndGlobal
